
Microsoft Visual Studio Solution File, Format Version 12.00
# Visual Studio Version 17
VisualStudioVersion = 17.3.32811.315
MinimumVisualStudioVersion = 10.0.40219.1
Project("{9A19103F-16F7-4668-BE54-9A1E7A4F7556}") = "KatuhairiotLive", "KatuhairiotLive\KatuhairiotLive.csproj", "{FC87AA86-DDF8-4E22-8B53-88D8E71C25D4}"
EndProject
Project("{FAE04EC0-301F-11D3-BF4B-00C04F79EFBC}") = "KatutyotLib", "KatutyotLib\KatutyotLib.csproj", "{114DBEA2-9E8B-4333-8A14-FF2B610D2715}"
EndProject
Global
	GlobalSection(SolutionConfigurationPlatforms) = preSolution
		Debug|Any CPU = Debug|Any CPU
		Release|Any CPU = Release|Any CPU
	EndGlobalSection
	GlobalSection(ProjectConfigurationPlatforms) = postSolution
		{FC87AA86-DDF8-4E22-8B53-88D8E71C25D4}.Debug|Any CPU.ActiveCfg = Debug|Any CPU
		{FC87AA86-DDF8-4E22-8B53-88D8E71C25D4}.Debug|Any CPU.Build.0 = Debug|Any CPU
		{FC87AA86-DDF8-4E22-8B53-88D8E71C25D4}.Release|Any CPU.ActiveCfg = Release|Any CPU
		{FC87AA86-DDF8-4E22-8B53-88D8E71C25D4}.Release|Any CPU.Build.0 = Release|Any CPU
		{114DBEA2-9E8B-4333-8A14-FF2B610D2715}.Debug|Any CPU.ActiveCfg = Debug|Any CPU
		{114DBEA2-9E8B-4333-8A14-FF2B610D2715}.Debug|Any CPU.Build.0 = Debug|Any CPU
		{114DBEA2-9E8B-4333-8A14-FF2B610D2715}.Release|Any CPU.ActiveCfg = Release|Any CPU
		{114DBEA2-9E8B-4333-8A14-FF2B610D2715}.Release|Any CPU.Build.0 = Release|Any CPU
	EndGlobalSection
	GlobalSection(SolutionProperties) = preSolution
		HideSolutionNode = FALSE
	EndGlobalSection
	GlobalSection(ExtensibilityGlobals) = postSolution
		SolutionGuid = {5FCF202C-1F87-4B64-9F74-7F4774DC3743}
	EndGlobalSection
EndGlobal
